
Microsoft Visual Studio Solution File, Format Version 12.00
# Visual Studio Version 16
VisualStudioVersion = 16.0.31624.102
MinimumVisualStudioVersion = 10.0.40219.1
Project("{FAE04EC0-301F-11D3-BF4B-00C04F79EFBC}") = "1. Diagonal Difference", "1. Diagonal Difference\1. Diagonal Difference.csproj", "{B53DB57E-5D5C-4397-91D9-E8BF40883D58}"
EndProject
Project("{FAE04EC0-301F-11D3-BF4B-00C04F79EFBC}") = "2. Squares in Matrix", "2. Squares in Matrix\2. Squares in Matrix.csproj", "{6943E71D-834D-494E-831C-6BFF3A723FAB}"
EndProject
Project("{FAE04EC0-301F-11D3-BF4B-00C04F79EFBC}") = "3. Maximal Sum", "3. Maximal Sum\3. Maximal Sum.csproj", "{78134A66-075D-4D26-B38F-0A16B6E108EA}"
EndProject
Project("{FAE04EC0-301F-11D3-BF4B-00C04F79EFBC}") = "4. Matrix Shuffling", "4. Matrix Shuffling\4. Matrix Shuffling.csproj", "{9923308E-9BEB-4D20-AA23-3FE293C0AB97}"
EndProject
Project("{FAE04EC0-301F-11D3-BF4B-00C04F79EFBC}") = "5. Snake Moves", "5. Snake Moves\5. Snake Moves.csproj", "{BC4BA4A1-04E6-438F-91CC-E0F705F2F579}"
EndProject
Project("{FAE04EC0-301F-11D3-BF4B-00C04F79EFBC}") = "6. Jagged Array Manipulator", "6. Jagged Array Manipulator\6. Jagged Array Manipulator.csproj", "{5F84383B-DFB6-46BD-8786-8AF45F9B3136}"
EndProject
Project("{FAE04EC0-301F-11D3-BF4B-00C04F79EFBC}") = "7. Knight Game", "7. Knight Game\7. Knight Game.csproj", "{4F8CA085-C71D-4AD1-9202-0FF3D909D9B5}"
EndProject
Global
	GlobalSection(SolutionConfigurationPlatforms) = preSolution
		Debug|Any CPU = Debug|Any CPU
		Release|Any CPU = Release|Any CPU
	EndGlobalSection
	GlobalSection(ProjectConfigurationPlatforms) = postSolution
		{B53DB57E-5D5C-4397-91D9-E8BF40883D58}.Debug|Any CPU.ActiveCfg = Debug|Any CPU
		{B53DB57E-5D5C-4397-91D9-E8BF40883D58}.Debug|Any CPU.Build.0 = Debug|Any CPU
		{B53DB57E-5D5C-4397-91D9-E8BF40883D58}.Release|Any CPU.ActiveCfg = Release|Any CPU
		{B53DB57E-5D5C-4397-91D9-E8BF40883D58}.Release|Any CPU.Build.0 = Release|Any CPU
		{6943E71D-834D-494E-831C-6BFF3A723FAB}.Debug|Any CPU.ActiveCfg = Debug|Any CPU
		{6943E71D-834D-494E-831C-6BFF3A723FAB}.Debug|Any CPU.Build.0 = Debug|Any CPU
		{6943E71D-834D-494E-831C-6BFF3A723FAB}.Release|Any CPU.ActiveCfg = Release|Any CPU
		{6943E71D-834D-494E-831C-6BFF3A723FAB}.Release|Any CPU.Build.0 = Release|Any CPU
		{78134A66-075D-4D26-B38F-0A16B6E108EA}.Debug|Any CPU.ActiveCfg = Debug|Any CPU
		{78134A66-075D-4D26-B38F-0A16B6E108EA}.Debug|Any CPU.Build.0 = Debug|Any CPU
		{78134A66-075D-4D26-B38F-0A16B6E108EA}.Release|Any CPU.ActiveCfg = Release|Any CPU
		{78134A66-075D-4D26-B38F-0A16B6E108EA}.Release|Any CPU.Build.0 = Release|Any CPU
		{9923308E-9BEB-4D20-AA23-3FE293C0AB97}.Debug|Any CPU.ActiveCfg = Debug|Any CPU
		{9923308E-9BEB-4D20-AA23-3FE293C0AB97}.Debug|Any CPU.Build.0 = Debug|Any CPU
		{9923308E-9BEB-4D20-AA23-3FE293C0AB97}.Release|Any CPU.ActiveCfg = Release|Any CPU
		{9923308E-9BEB-4D20-AA23-3FE293C0AB97}.Release|Any CPU.Build.0 = Release|Any CPU
		{BC4BA4A1-04E6-438F-91CC-E0F705F2F579}.Debug|Any CPU.ActiveCfg = Debug|Any CPU
		{BC4BA4A1-04E6-438F-91CC-E0F705F2F579}.Debug|Any CPU.Build.0 = Debug|Any CPU
		{BC4BA4A1-04E6-438F-91CC-E0F705F2F579}.Release|Any CPU.ActiveCfg = Release|Any CPU
		{BC4BA4A1-04E6-438F-91CC-E0F705F2F579}.Release|Any CPU.Build.0 = Release|Any CPU
		{5F84383B-DFB6-46BD-8786-8AF45F9B3136}.Debug|Any CPU.ActiveCfg = Debug|Any CPU
		{5F84383B-DFB6-46BD-8786-8AF45F9B3136}.Debug|Any CPU.Build.0 = Debug|Any CPU
		{5F84383B-DFB6-46BD-8786-8AF45F9B3136}.Release|Any CPU.ActiveCfg = Release|Any CPU
		{5F84383B-DFB6-46BD-8786-8AF45F9B3136}.Release|Any CPU.Build.0 = Release|Any CPU
		{4F8CA085-C71D-4AD1-9202-0FF3D909D9B5}.Debug|Any CPU.ActiveCfg = Debug|Any CPU
		{4F8CA085-C71D-4AD1-9202-0FF3D909D9B5}.Debug|Any CPU.Build.0 = Debug|Any CPU
		{4F8CA085-C71D-4AD1-9202-0FF3D909D9B5}.Release|Any CPU.ActiveCfg = Release|Any CPU
		{4F8CA085-C71D-4AD1-9202-0FF3D909D9B5}.Release|Any CPU.Build.0 = Release|Any CPU
	EndGlobalSection
	GlobalSection(SolutionProperties) = preSolution
		HideSolutionNode = FALSE
	EndGlobalSection
	GlobalSection(ExtensibilityGlobals) = postSolution
		SolutionGuid = {B3D69CF6-9DAD-46A1-9E9F-0D290A24D9A7}
	EndGlobalSection
EndGlobal
