
Microsoft Visual Studio Solution File, Format Version 12.00
# Visual Studio Version 16
VisualStudioVersion = 16.0.31729.503
MinimumVisualStudioVersion = 10.0.40219.1
Project("{9A19103F-16F7-4668-BE54-9A1E7A4F7556}") = "ClassBoxData", "Encapsulation\ClassBoxData.csproj", "{EE36CEF1-9EBB-446C-8180-347DF208E523}"
EndProject
Project("{FAE04EC0-301F-11D3-BF4B-00C04F79EFBC}") = "ShoppingSpree", "ShoppingSpree\ShoppingSpree.csproj", "{9C7E2C85-A344-477B-939E-4486722D494C}"
EndProject
Project("{FAE04EC0-301F-11D3-BF4B-00C04F79EFBC}") = "FootballTeamGenerator", "FootballTeamGenerator\FootballTeamGenerator.csproj", "{3B9EE83A-3E16-4890-BBF0-0BA74381CAD4}"
EndProject
Global
	GlobalSection(SolutionConfigurationPlatforms) = preSolution
		Debug|Any CPU = Debug|Any CPU
		Release|Any CPU = Release|Any CPU
	EndGlobalSection
	GlobalSection(ProjectConfigurationPlatforms) = postSolution
		{EE36CEF1-9EBB-446C-8180-347DF208E523}.Debug|Any CPU.ActiveCfg = Debug|Any CPU
		{EE36CEF1-9EBB-446C-8180-347DF208E523}.Debug|Any CPU.Build.0 = Debug|Any CPU
		{EE36CEF1-9EBB-446C-8180-347DF208E523}.Release|Any CPU.ActiveCfg = Release|Any CPU
		{EE36CEF1-9EBB-446C-8180-347DF208E523}.Release|Any CPU.Build.0 = Release|Any CPU
		{9C7E2C85-A344-477B-939E-4486722D494C}.Debug|Any CPU.ActiveCfg = Debug|Any CPU
		{9C7E2C85-A344-477B-939E-4486722D494C}.Debug|Any CPU.Build.0 = Debug|Any CPU
		{9C7E2C85-A344-477B-939E-4486722D494C}.Release|Any CPU.ActiveCfg = Release|Any CPU
		{9C7E2C85-A344-477B-939E-4486722D494C}.Release|Any CPU.Build.0 = Release|Any CPU
		{3B9EE83A-3E16-4890-BBF0-0BA74381CAD4}.Debug|Any CPU.ActiveCfg = Debug|Any CPU
		{3B9EE83A-3E16-4890-BBF0-0BA74381CAD4}.Debug|Any CPU.Build.0 = Debug|Any CPU
		{3B9EE83A-3E16-4890-BBF0-0BA74381CAD4}.Release|Any CPU.ActiveCfg = Release|Any CPU
		{3B9EE83A-3E16-4890-BBF0-0BA74381CAD4}.Release|Any CPU.Build.0 = Release|Any CPU
	EndGlobalSection
	GlobalSection(SolutionProperties) = preSolution
		HideSolutionNode = FALSE
	EndGlobalSection
	GlobalSection(ExtensibilityGlobals) = postSolution
		SolutionGuid = {648FF727-5E54-4C99-AB43-07F19914542E}
	EndGlobalSection
EndGlobal
