
Microsoft Visual Studio Solution File, Format Version 12.00
# Visual Studio Version 16
VisualStudioVersion = 16.0.31729.503
MinimumVisualStudioVersion = 10.0.40219.1
Project("{FAE04EC0-301F-11D3-BF4B-00C04F79EFBC}") = "Functional Programming", "Functional Programming\Functional Programming.csproj", "{C00E405C-7E4E-4713-9AAC-B53381725FAF}"
EndProject
Project("{FAE04EC0-301F-11D3-BF4B-00C04F79EFBC}") = "Knights of Honor", "Knights of Honor\Knights of Honor.csproj", "{2087F22C-345F-4067-95ED-C9DB4AA5DFCF}"
EndProject
Project("{FAE04EC0-301F-11D3-BF4B-00C04F79EFBC}") = "Custom Min Function", "Custom Min Function\Custom Min Function.csproj", "{60D81E94-DA13-4D33-9DB1-E04883CE0A81}"
EndProject
Project("{FAE04EC0-301F-11D3-BF4B-00C04F79EFBC}") = "Find Evens or Odds", "Find Evens or Odds\Find Evens or Odds.csproj", "{84388E25-FB87-4F77-A625-6D30F754B16F}"
EndProject
Project("{FAE04EC0-301F-11D3-BF4B-00C04F79EFBC}") = "Applied Arithmetics", "Applied Arithmetics\Applied Arithmetics.csproj", "{ADFE6213-8C1D-40CE-92FB-37E04671BE4E}"
EndProject
Global
	GlobalSection(SolutionConfigurationPlatforms) = preSolution
		Debug|Any CPU = Debug|Any CPU
		Release|Any CPU = Release|Any CPU
	EndGlobalSection
	GlobalSection(ProjectConfigurationPlatforms) = postSolution
		{C00E405C-7E4E-4713-9AAC-B53381725FAF}.Debug|Any CPU.ActiveCfg = Debug|Any CPU
		{C00E405C-7E4E-4713-9AAC-B53381725FAF}.Debug|Any CPU.Build.0 = Debug|Any CPU
		{C00E405C-7E4E-4713-9AAC-B53381725FAF}.Release|Any CPU.ActiveCfg = Release|Any CPU
		{C00E405C-7E4E-4713-9AAC-B53381725FAF}.Release|Any CPU.Build.0 = Release|Any CPU
		{2087F22C-345F-4067-95ED-C9DB4AA5DFCF}.Debug|Any CPU.ActiveCfg = Debug|Any CPU
		{2087F22C-345F-4067-95ED-C9DB4AA5DFCF}.Debug|Any CPU.Build.0 = Debug|Any CPU
		{2087F22C-345F-4067-95ED-C9DB4AA5DFCF}.Release|Any CPU.ActiveCfg = Release|Any CPU
		{2087F22C-345F-4067-95ED-C9DB4AA5DFCF}.Release|Any CPU.Build.0 = Release|Any CPU
		{60D81E94-DA13-4D33-9DB1-E04883CE0A81}.Debug|Any CPU.ActiveCfg = Debug|Any CPU
		{60D81E94-DA13-4D33-9DB1-E04883CE0A81}.Debug|Any CPU.Build.0 = Debug|Any CPU
		{60D81E94-DA13-4D33-9DB1-E04883CE0A81}.Release|Any CPU.ActiveCfg = Release|Any CPU
		{60D81E94-DA13-4D33-9DB1-E04883CE0A81}.Release|Any CPU.Build.0 = Release|Any CPU
		{84388E25-FB87-4F77-A625-6D30F754B16F}.Debug|Any CPU.ActiveCfg = Debug|Any CPU
		{84388E25-FB87-4F77-A625-6D30F754B16F}.Debug|Any CPU.Build.0 = Debug|Any CPU
		{84388E25-FB87-4F77-A625-6D30F754B16F}.Release|Any CPU.ActiveCfg = Release|Any CPU
		{84388E25-FB87-4F77-A625-6D30F754B16F}.Release|Any CPU.Build.0 = Release|Any CPU
		{ADFE6213-8C1D-40CE-92FB-37E04671BE4E}.Debug|Any CPU.ActiveCfg = Debug|Any CPU
		{ADFE6213-8C1D-40CE-92FB-37E04671BE4E}.Debug|Any CPU.Build.0 = Debug|Any CPU
		{ADFE6213-8C1D-40CE-92FB-37E04671BE4E}.Release|Any CPU.ActiveCfg = Release|Any CPU
		{ADFE6213-8C1D-40CE-92FB-37E04671BE4E}.Release|Any CPU.Build.0 = Release|Any CPU
	EndGlobalSection
	GlobalSection(SolutionProperties) = preSolution
		HideSolutionNode = FALSE
	EndGlobalSection
	GlobalSection(ExtensibilityGlobals) = postSolution
		SolutionGuid = {FC490571-2E19-4016-9B7C-F179D1F73FB4}
	EndGlobalSection
EndGlobal
